
Microsoft Visual Studio Solution File, Format Version 12.00
# Visual Studio Version 17
VisualStudioVersion = 17.14.36301.6
MinimumVisualStudioVersion = 10.0.40219.1
Project("{FAE04EC0-301F-11D3-BF4B-00C04F79EFBC}") = "App1", "App1\App1.csproj", "{7FCDCAA5-E21A-439D-AB41-31654A0F4E8B}"
EndProject
Global
	GlobalSection(SolutionConfigurationPlatforms) = preSolution
		Debug|arm64 = Debug|arm64
		Debug|x64 = Debug|x64
		Debug|x86 = Debug|x86
		Release|arm64 = Release|arm64
		Release|x64 = Release|x64
		Release|x86 = Release|x86
	EndGlobalSection
	GlobalSection(ProjectConfigurationPlatforms) = postSolution
		{7FCDCAA5-E21A-439D-AB41-31654A0F4E8B}.Debug|arm64.ActiveCfg = Debug|arm64
		{7FCDCAA5-E21A-439D-AB41-31654A0F4E8B}.Debug|arm64.Build.0 = Debug|arm64
		{7FCDCAA5-E21A-439D-AB41-31654A0F4E8B}.Debug|arm64.Deploy.0 = Debug|arm64
		{7FCDCAA5-E21A-439D-AB41-31654A0F4E8B}.Debug|x64.ActiveCfg = Debug|x64
		{7FCDCAA5-E21A-439D-AB41-31654A0F4E8B}.Debug|x64.Build.0 = Debug|x64
		{7FCDCAA5-E21A-439D-AB41-31654A0F4E8B}.Debug|x64.Deploy.0 = Debug|x64
		{7FCDCAA5-E21A-439D-AB41-31654A0F4E8B}.Debug|x86.ActiveCfg = Debug|x86
		{7FCDCAA5-E21A-439D-AB41-31654A0F4E8B}.Debug|x86.Build.0 = Debug|x86
		{7FCDCAA5-E21A-439D-AB41-31654A0F4E8B}.Debug|x86.Deploy.0 = Debug|x86
		{7FCDCAA5-E21A-439D-AB41-31654A0F4E8B}.Release|arm64.ActiveCfg = Release|arm64
		{7FCDCAA5-E21A-439D-AB41-31654A0F4E8B}.Release|arm64.Build.0 = Release|arm64
		{7FCDCAA5-E21A-439D-AB41-31654A0F4E8B}.Release|arm64.Deploy.0 = Release|arm64
		{7FCDCAA5-E21A-439D-AB41-31654A0F4E8B}.Release|x64.ActiveCfg = Release|x64
		{7FCDCAA5-E21A-439D-AB41-31654A0F4E8B}.Release|x64.Build.0 = Release|x64
		{7FCDCAA5-E21A-439D-AB41-31654A0F4E8B}.Release|x64.Deploy.0 = Release|x64
		{7FCDCAA5-E21A-439D-AB41-31654A0F4E8B}.Release|x86.ActiveCfg = Release|x86
		{7FCDCAA5-E21A-439D-AB41-31654A0F4E8B}.Release|x86.Build.0 = Release|x86
		{7FCDCAA5-E21A-439D-AB41-31654A0F4E8B}.Release|x86.Deploy.0 = Release|x86
	EndGlobalSection
	GlobalSection(SolutionProperties) = preSolution
		HideSolutionNode = FALSE
	EndGlobalSection
	GlobalSection(ExtensibilityGlobals) = postSolution
		SolutionGuid = {777CB651-4BFD-4A62-94F6-9C65905D2FC4}
	EndGlobalSection
EndGlobal
